Microsoft Visual Studio Solution File, Format Version 11.00
# Visual Studio 2008

Project("{091B18F3-A60F-76D2-B649-B13DFC8FEBA3}") = "Shooter-master", "Assembly-CSharp-firstpass.csproj", "{8B1188DC-3984-14DF-4D3D-6E346733BDF8}"
EndProject
Project("{091B18F3-A60F-76D2-B649-B13DFC8FEBA3}") = "Shooter-master", "Assembly-CSharp.csproj", "{BCAF005F-DF2A-48D1-E2BB-117DDB261CD4}"
EndProject
Project("{091B18F3-A60F-76D2-B649-B13DFC8FEBA3}") = "Shooter-master", "Assembly-CSharp-Editor.csproj", "{877BF8FC-A6A0-B9CF-D5EF-65241BCB98FF}"
EndProject
Project("{091B18F3-A60F-76D2-B649-B13DFC8FEBA3}") = "Shooter-master", "Assembly-UnityScript-firstpass.unityproj", "{1629A4D8-FE7B-9A13-F480-78E8D6C67492}"
EndProject
Global
	GlobalSection(SolutionConfigurationPlatforms) = preSolution
		Debug|Any CPU = Debug|Any CPU
		Release|Any CPU = Release|Any CPU
	EndGlobalSection
	GlobalSection(ProjectConfigurationPlatforms) = postSolution
		{8B1188DC-3984-14DF-4D3D-6E346733BDF8}.Debug|Any CPU.ActiveCfg = Debug|Any CPU
		{8B1188DC-3984-14DF-4D3D-6E346733BDF8}.Debug|Any CPU.Build.0 = Debug|Any CPU
		{8B1188DC-3984-14DF-4D3D-6E346733BDF8}.Release|Any CPU.ActiveCfg = Release|Any CPU
		{8B1188DC-3984-14DF-4D3D-6E346733BDF8}.Release|Any CPU.Build.0 = Release|Any CPU
		{BCAF005F-DF2A-48D1-E2BB-117DDB261CD4}.Debug|Any CPU.ActiveCfg = Debug|Any CPU
		{BCAF005F-DF2A-48D1-E2BB-117DDB261CD4}.Debug|Any CPU.Build.0 = Debug|Any CPU
		{BCAF005F-DF2A-48D1-E2BB-117DDB261CD4}.Release|Any CPU.ActiveCfg = Release|Any CPU
		{BCAF005F-DF2A-48D1-E2BB-117DDB261CD4}.Release|Any CPU.Build.0 = Release|Any CPU
		{877BF8FC-A6A0-B9CF-D5EF-65241BCB98FF}.Debug|Any CPU.ActiveCfg = Debug|Any CPU
		{877BF8FC-A6A0-B9CF-D5EF-65241BCB98FF}.Debug|Any CPU.Build.0 = Debug|Any CPU
		{877BF8FC-A6A0-B9CF-D5EF-65241BCB98FF}.Release|Any CPU.ActiveCfg = Release|Any CPU
		{877BF8FC-A6A0-B9CF-D5EF-65241BCB98FF}.Release|Any CPU.Build.0 = Release|Any CPU
		{1629A4D8-FE7B-9A13-F480-78E8D6C67492}.Debug|Any CPU.ActiveCfg = Debug|Any CPU
		{1629A4D8-FE7B-9A13-F480-78E8D6C67492}.Debug|Any CPU.Build.0 = Debug|Any CPU
		{1629A4D8-FE7B-9A13-F480-78E8D6C67492}.Release|Any CPU.ActiveCfg = Release|Any CPU
		{1629A4D8-FE7B-9A13-F480-78E8D6C67492}.Release|Any CPU.Build.0 = Release|Any CPU
	EndGlobalSection
	GlobalSection(SolutionProperties) = preSolution
		HideSolutionNode = FALSE
	EndGlobalSection
						GlobalSection(MonoDevelopProperties) = preSolution
		StartupItem = Assembly-CSharp.csproj
		Policies = $0
		$0.TextStylePolicy = $1
		$1.inheritsSet = null
		$1.scope = text/x-csharp
		$0.CSharpFormattingPolicy = $2
		$2.inheritsSet = Mono
		$2.inheritsScope = text/x-csharp
		$2.scope = text/x-csharp
		$0.TextStylePolicy = $3
		$3.FileWidth = 120
		$3.TabWidth = 4
		$3.EolMarker = Unix
		$3.inheritsSet = Mono
		$3.inheritsScope = text/plain
		$3.scope = text/plain
	EndGlobalSection

EndGlobal
